
Microsoft Visual Studio Solution File, Format Version 12.00
# Visual Studio Version 17
VisualStudioVersion = 17.5.33424.131
MinimumVisualStudioVersion = 10.0.40219.1
Project("{9A19103F-16F7-4668-BE54-9A1E7A4F7556}") = "Arkusnexus.StockTaking.ApplicationCore", "Arkusnexus.StockTaking.ApplicationCore\Arkusnexus.StockTaking.ApplicationCore.csproj", "{82CAE302-2793-42A5-B8C1-49D423ED3C12}"
EndProject
Project("{9A19103F-16F7-4668-BE54-9A1E7A4F7556}") = "Arkusnexus.StockTaking.Infrastructure", "Arkusnexus.StockTaking.Infrastructure\Arkusnexus.StockTaking.Infrastructure.csproj", "{32D8C142-FFEC-4E36-8BD9-0B27C3ECC166}"
EndProject
Project("{9A19103F-16F7-4668-BE54-9A1E7A4F7556}") = "Arkusnexus.StockTaking.API", "Arkusnexus.StockTaking.API\Arkusnexus.StockTaking.API.csproj", "{52181B53-54C1-4D65-BB83-E571A966D2CD}"
EndProject
Project("{2150E333-8FDC-42A3-9474-1A3956D46DE8}") = "Solution Items", "Solution Items", "{C4683045-544D-4EC2-8D33-DAB4D177D4AF}"
	ProjectSection(SolutionItems) = preProject
		.gitignore = .gitignore
	EndProjectSection
EndProject
Global
	GlobalSection(SolutionConfigurationPlatforms) = preSolution
		Debug|Any CPU = Debug|Any CPU
		Release|Any CPU = Release|Any CPU
	EndGlobalSection
	GlobalSection(ProjectConfigurationPlatforms) = postSolution
		{82CAE302-2793-42A5-B8C1-49D423ED3C12}.Debug|Any CPU.ActiveCfg = Debug|Any CPU
		{82CAE302-2793-42A5-B8C1-49D423ED3C12}.Debug|Any CPU.Build.0 = Debug|Any CPU
		{82CAE302-2793-42A5-B8C1-49D423ED3C12}.Release|Any CPU.ActiveCfg = Release|Any CPU
		{82CAE302-2793-42A5-B8C1-49D423ED3C12}.Release|Any CPU.Build.0 = Release|Any CPU
		{32D8C142-FFEC-4E36-8BD9-0B27C3ECC166}.Debug|Any CPU.ActiveCfg = Debug|Any CPU
		{32D8C142-FFEC-4E36-8BD9-0B27C3ECC166}.Debug|Any CPU.Build.0 = Debug|Any CPU
		{32D8C142-FFEC-4E36-8BD9-0B27C3ECC166}.Release|Any CPU.ActiveCfg = Release|Any CPU
		{32D8C142-FFEC-4E36-8BD9-0B27C3ECC166}.Release|Any CPU.Build.0 = Release|Any CPU
		{52181B53-54C1-4D65-BB83-E571A966D2CD}.Debug|Any CPU.ActiveCfg = Debug|Any CPU
		{52181B53-54C1-4D65-BB83-E571A966D2CD}.Debug|Any CPU.Build.0 = Debug|Any CPU
		{52181B53-54C1-4D65-BB83-E571A966D2CD}.Release|Any CPU.ActiveCfg = Release|Any CPU
		{52181B53-54C1-4D65-BB83-E571A966D2CD}.Release|Any CPU.Build.0 = Release|Any CPU
	EndGlobalSection
	GlobalSection(SolutionProperties) = preSolution
		HideSolutionNode = FALSE
	EndGlobalSection
	GlobalSection(ExtensibilityGlobals) = postSolution
		SolutionGuid = {3058A300-0817-4702-ABB6-232F285DE95D}
	EndGlobalSection
EndGlobal
